{
  "name": "backend",
  "lockfileVersion": 3,
  "requires": true,
  "packages": {
    "": {
      "dependencies": {
        "@stripe/stripe-js": "^8.0.0"
      }
    },
    "node_modules/@stripe/stripe-js": {
      "version": "8.0.0",
      "resolved": "https://registry.npmjs.org/@stripe/stripe-js/-/stripe-js-8.0.0.tgz",
      "integrity": "sha512-dLvD55KT1cBmrqzgYRgY42qNcw6zW4HS5oRZs0xRvHw9gBWig5yDnWNop/E+/t2JK+OZO30zsnupVBN2MqW2mg==",
      "license": "MIT",
      "engines": {
        "node": ">=12.16"
      }
    }
  }
}
